// !$*UTF8*$!
{
	archiveVersion = 1;
	classes = {
	};
	objectVersion = 50;
	objects = {

/* Begin PBXBuildFile section */
		A21AD45225348DE500BE09F0 /* AppDelegate.swift in Sources */ = {isa = PBXBuildFile; fileRef = A21AD45125348DE500BE09F0 /* AppDelegate.swift */; };
		A21AD45425348DE500BE09F0 /* SceneDelegate.swift in Sources */ = {isa = PBXBuildFile; fileRef = A21AD45325348DE500BE09F0 /* SceneDelegate.swift */; };
		A21AD45625348DE500BE09F0 /* ContentView.swift in Sources */ = {isa = PBXBuildFile; fileRef = A21AD45525348DE500BE09F0 /* ContentView.swift */; };
		A21AD45825348DE700BE09F0 /* Assets.xcassets in Resources */ = {isa = PBXBuildFile; fileRef = A21AD45725348DE700BE09F0 /* Assets.xcassets */; };
		A21AD45B25348DE700BE09F0 /* Preview Assets.xcassets in Resources */ = {isa = PBXBuildFile; fileRef = A21AD45A25348DE700BE09F0 /* Preview Assets.xcassets */; };
		A21AD45E25348DE700BE09F0 /* LaunchScreen.storyboard in Resources */ = {isa = PBXBuildFile; fileRef = A21AD45C25348DE700BE09F0 /* LaunchScreen.storyboard */; };
		A21AD46925348DE700BE09F0 /* firstTests.swift in Sources */ = {isa = PBXBuildFile; fileRef = A21AD46825348DE700BE09F0 /* firstTests.swift */; };
		A21AD47425348DE700BE09F0 /* firstUITests.swift in Sources */ = {isa = PBXBuildFile; fileRef = A21AD47325348DE700BE09F0 /* firstUITests.swift */; };
/* End PBXBuildFile section */

/* Begin PBXContainerItemProxy section */
		A21AD46525348DE700BE09F0 /* PBXContainerItemProxy */ = {
			isa = PBXContainerItemProxy;
			containerPortal = A21AD44625348DE500BE09F0 /* Project object */;
			proxyType = 1;
			remoteGlobalIDString = A21AD44D25348DE500BE09F0;
			remoteInfo = first;
		};
		A21AD47025348DE700BE09F0 /* PBXContainerItemProxy */ = {
			isa = PBXContainerItemProxy;
			containerPortal = A21AD44625348DE500BE09F0 /* Project object */;
			proxyType = 1;
			remoteGlobalIDString = A21AD44D25348DE500BE09F0;
			remoteInfo = first;
		};
/* End PBXContainerItemProxy section */

/* Begin PBXFileReference section */
		A21AD44E25348DE500BE09F0 /* first.app */ = {isa = PBXFileReference; explicitFileType = wrapper.application; includeInIndex = 0; path = first.app; sourceTree = BUILT_PRODUCTS_DIR; };
		A21AD45125348DE500BE09F0 /* AppDelegate.swift */ = {isa = PBXFileReference; lastKnownFileType = sourcecode.swift; path = AppDelegate.swift; sourceTree = "<group>"; };
		A21AD45325348DE500BE09F0 /* SceneDelegate.swift */ = {isa = PBXFileReference; lastKnownFileType = sourcecode.swift; path = SceneDelegate.swift; sourceTree = "<group>"; };
		A21AD45525348DE500BE09F0 /* ContentView.swift */ = {isa = PBXFileReference; lastKnownFileType = sourcecode.swift; path = ContentView.swift; sourceTree = "<group>"; };
		A21AD45725348DE700BE09F0 /* Assets.xcassets */ = {isa = PBXFileReference; lastKnownFileType = folder.assetcatalog; path = Assets.xcassets; sourceTree = "<group>"; };
		A21AD45A25348DE700BE09F0 /* Preview Assets.xcassets */ = {isa = PBXFileReference; lastKnownFileType = folder.assetcatalog; path = "Preview Assets.xcassets"; sourceTree = "<group>"; };
		A21AD45D25348DE700BE09F0 /* Base */ = {isa = PBXFileReference; lastKnownFileType = file.storyboard; name = Base; path = Base.lproj/LaunchScreen.storyboard; sourceTree = "<group>"; };
		A21AD45F25348DE700BE09F0 /* Info.plist */ = {isa = PBXFileReference; lastKnownFileType = text.plist.xml; path = Info.plist; sourceTree = "<group>"; };
		A21AD46425348DE700BE09F0 /* firstTests.xctest */ = {isa = PBXFileReference; explicitFileType = wrapper.cfbundle; includeInIndex = 0; path = firstTests.xctest; sourceTree = BUILT_PRODUCTS_DIR; };
		A21AD46825348DE700BE09F0 /* firstTests.swift */ = {isa = PBXFileReference; lastKnownFileType = sourcecode.swift; path = firstTests.swift; sourceTree = "<group>"; };
		A21AD46A25348DE700BE09F0 /* Info.plist */ = {isa = PBXFileReference; lastKnownFileType = text.plist.xml; path = Info.plist; sourceTree = "<group>"; };
		A21AD46F25348DE700BE09F0 /* firstUITests.xctest */ = {isa = PBXFileReference; explicitFileType = wrapper.cfbundle; includeInIndex = 0; path = firstUITests.xctest; sourceTree = BUILT_PRODUCTS_DIR; };
		A21AD47325348DE700BE09F0 /* firstUITests.swift */ = {isa = PBXFileReference; lastKnownFileType = sourcecode.swift; path = firstUITests.swift; sourceTree = "<group>"; };
		A21AD47525348DE700BE09F0 /* Info.plist */ = {isa = PBXFileReference; lastKnownFileType = text.plist.xml; path = Info.plist; sourceTree = "<group>"; };
/* End PBXFileReference section */

/* Begin PBXFrameworksBuildPhase section */
		A21AD44B25348DE500BE09F0 /* Frameworks */ = {
			isa = PBXFrameworksBuildPhase;
			buildActionMask = 2147483647;
			files = (
			);
			runOnlyForDeploymentPostprocessing = 0;
		};
		A21AD46125348DE700BE09F0 /* Frameworks */ = {
			isa = PBXFrameworksBuildPhase;
			buildActionMask = 2147483647;
			files = (
			);
			runOnlyForDeploymentPostprocessing = 0;
		};
		A21AD46C25348DE700BE09F0 /* Frameworks */ = {
			isa = PBXFrameworksBuildPhase;
			buildActionMask = 2147483647;
			files = (
			);
			runOnlyForDeploymentPostprocessing = 0;
		};
/* End PBXFrameworksBuildPhase section */

/* Begin PBXGroup section */
		A21AD44525348DE500BE09F0 = {
			isa = PBXGroup;
			children = (
				A21AD45025348DE500BE09F0 /* first */,
				A21AD46725348DE700BE09F0 /* firstTests */,
				A21AD47225348DE700BE09F0 /* firstUITests */,
				A21AD44F25348DE500BE09F0 /* Products */,
			);
			sourceTree = "<group>";
		};
		A21AD44F25348DE500BE09F0 /* Products */ = {
			isa = PBXGroup;
			children = (
				A21AD44E25348DE500BE09F0 /* first.app */,
				A21AD46425348DE700BE09F0 /* firstTests.xctest */,
				A21AD46F25348DE700BE09F0 /* firstUITests.xctest */,
			);
			name = Products;
			sourceTree = "<group>";
		};
		A21AD45025348DE500BE09F0 /* first */ = {
			isa = PBXGroup;
			children = (
				A21AD45125348DE500BE09F0 /* AppDelegate.swift */,
				A21AD45325348DE500BE09F0 /* SceneDelegate.swift */,
				A21AD45525348DE500BE09F0 /* ContentView.swift */,
				A21AD45725348DE700BE09F0 /* Assets.xcassets */,
				A21AD45C25348DE700BE09F0 /* LaunchScreen.storyboard */,
				A21AD45F25348DE700BE09F0 /* Info.plist */,
				A21AD45925348DE700BE09F0 /* Preview Content */,
			);
			path = first;
			sourceTree = "<group>";
		};
		A21AD45925348DE700BE09F0 /* Preview Content */ = {
			isa = PBXGroup;
			children = (
				A21AD45A25348DE700BE09F0 /* Preview Assets.xcassets */,
			);
			path = "Preview Content";
			sourceTree = "<group>";
		};
		A21AD46725348DE700BE09F0 /* firstTests */ = {
			isa = PBXGroup;
			children = (
				A21AD46825348DE700BE09F0 /* firstTests.swift */,
				A21AD46A25348DE700BE09F0 /* Info.plist */,
			);
			path = firstTests;
			sourceTree = "<group>";
		};
		A21AD47225348DE700BE09F0 /* firstUITests */ = {
			isa = PBXGroup;
			children = (
				A21AD47325348DE700BE09F0 /* firstUITests.swift */,
				A21AD47525348DE700BE09F0 /* Info.plist */,
			);
			path = firstUITests;
			sourceTree = "<group>";
		};
/* End PBXGroup section */

/* Begin PBXNativeTarget section */
		A21AD44D25348DE500BE09F0 /* first */ = {
			isa = PBXNativeTarget;
			buildConfigurationList = A21AD47825348DE700BE09F0 /* Build configuration list for PBXNativeTarget "first" */;
			buildPhases = (
				A21AD44A25348DE500BE09F0 /* Sources */,
				A21AD44B25348DE500BE09F0 /* Frameworks */,
				A21AD44C25348DE500BE09F0 /* Resources */,
			);
			buildRules = (
			);
			dependencies = (
			);
			name = first;
			productName = first;
			productReference = A21AD44E25348DE500BE09F0 /* first.app */;
			productType = "com.apple.product-type.application";
		};
		A21AD46325348DE700BE09F0 /* firstTests */ = {
			isa = PBXNativeTarget;
			buildConfigurationList = A21AD47B25348DE700BE09F0 /* Build configuration list for PBXNativeTarget "firstTests" */;
			buildPhases = (
				A21AD46025348DE700BE09F0 /* Sources */,
				A21AD46125348DE700BE09F0 /* Frameworks */,
				A21AD46225348DE700BE09F0 /* Resources */,
			);
			buildRules = (
			);
			dependencies = (
				A21AD46625348DE700BE09F0 /* PBXTargetDependency */,
			);
			name = firstTests;
			productName = firstTests;
			productReference = A21AD46425348DE700BE09F0 /* firstTests.xctest */;
			productType = "com.apple.product-type.bundle.unit-test";
		};
		A21AD46E25348DE700BE09F0 /* firstUITests */ = {
			isa = PBXNativeTarget;
			buildConfigurationList = A21AD47E25348DE700BE09F0 /* Build configuration list for PBXNativeTarget "firstUITests" */;
			buildPhases = (
				A21AD46B25348DE700BE09F0 /* Sources */,
				A21AD46C25348DE700BE09F0 /* Frameworks */,
				A21AD46D25348DE700BE09F0 /* Resources */,
			);
			buildRules = (
			);
			dependencies = (
				A21AD47125348DE700BE09F0 /* PBXTargetDependency */,
			);
			name = firstUITests;
			productName = firstUITests;
			productReference = A21AD46F25348DE700BE09F0 /* firstUITests.xctest */;
			productType = "com.apple.product-type.bundle.ui-testing";
		};
/* End PBXNativeTarget section */

/* Begin PBXProject section */
		A21AD44625348DE500BE09F0 /* Project object */ = {
			isa = PBXProject;
			attributes = {
				LastSwiftUpdateCheck = 1130;
				LastUpgradeCheck = 1130;
				ORGANIZATIONNAME = "Dragos Corleanca";
				TargetAttributes = {
					A21AD44D25348DE500BE09F0 = {
						CreatedOnToolsVersion = 11.3.1;
					};
					A21AD46325348DE700BE09F0 = {
						CreatedOnToolsVersion = 11.3.1;
						TestTargetID = A21AD44D25348DE500BE09F0;
					};
					A21AD46E25348DE700BE09F0 = {
						CreatedOnToolsVersion = 11.3.1;
						TestTargetID = A21AD44D25348DE500BE09F0;
					};
				};
			};
			buildConfigurationList = A21AD44925348DE500BE09F0 /* Build configuration list for PBXProject "first" */;
			compatibilityVersion = "Xcode 9.3";
			developmentRegion = en;
			hasScannedForEncodings = 0;
			knownRegions = (
				en,
				Base,
			);
			mainGroup = A21AD44525348DE500BE09F0;
			productRefGroup = A21AD44F25348DE500BE09F0 /* Products */;
			projectDirPath = "";
			projectRoot = "";
			targets = (
				A21AD44D25348DE500BE09F0 /* first */,
				A21AD46325348DE700BE09F0 /* firstTests */,
				A21AD46E25348DE700BE09F0 /* firstUITests */,
			);
		};
/* End PBXProject section */

/* Begin PBXResourcesBuildPhase section */
		A21AD44C25348DE500BE09F0 /* Resources */ = {
			isa = PBXResourcesBuildPhase;
			buildActionMask = 2147483647;
			files = (
				A21AD45E25348DE700BE09F0 /* LaunchScreen.storyboard in Resources */,
				A21AD45B25348DE700BE09F0 /* Preview Assets.xcassets in Resources */,
				A21AD45825348DE700BE09F0 /* Assets.xcassets in Resources */,
			);
			runOnlyForDeploymentPostprocessing = 0;
		};
		A21AD46225348DE700BE09F0 /* Resources */ = {
			isa = PBXResourcesBuildPhase;
			buildActionMask = 2147483647;
			files = (
			);
			runOnlyForDeploymentPostprocessing = 0;
		};
		A21AD46D25348DE700BE09F0 /* Resources */ = {
			isa = PBXResourcesBuildPhase;
			buildActionMask = 2147483647;
			files = (
			);
			runOnlyForDeploymentPostprocessing = 0;
		};
/* End PBXResourcesBuildPhase section */

/* Begin PBXSourcesBuildPhase section */
		A21AD44A25348DE500BE09F0 /* Sources */ = {
			isa = PBXSourcesBuildPhase;
			buildActionMask = 2147483647;
			files = (
				A21AD45225348DE500BE09F0 /* AppDelegate.swift in Sources */,
				A21AD45425348DE500BE09F0 /* SceneDelegate.swift in Sources */,
				A21AD45625348DE500BE09F0 /* ContentView.swift in Sources */,
			);
			runOnlyForDeploymentPostprocessing = 0;
		};
		A21AD46025348DE700BE09F0 /* Sources */ = {
			isa = PBXSourcesBuildPhase;
			buildActionMask = 2147483647;
			files = (
				A21AD46925348DE700BE09F0 /* firstTests.swift in Sources */,
			);
			runOnlyForDeploymentPostprocessing = 0;
		};
		A21AD46B25348DE700BE09F0 /* Sources */ = {
			isa = PBXSourcesBuildPhase;
			buildActionMask = 2147483647;
			files = (
				A21AD47425348DE700BE09F0 /* firstUITests.swift in Sources */,
			);
			runOnlyForDeploymentPostprocessing = 0;
		};
/* End PBXSourcesBuildPhase section */

/* Begin PBXTargetDependency section */
		A21AD46625348DE700BE09F0 /* PBXTargetDependency */ = {
			isa = PBXTargetDependency;
			target = A21AD44D25348DE500BE09F0 /* first */;
			targetProxy = A21AD46525348DE700BE09F0 /* PBXContainerItemProxy */;
		};
		A21AD47125348DE700BE09F0 /* PBXTargetDependency */ = {
			isa = PBXTargetDependency;
			target = A21AD44D25348DE500BE09F0 /* first */;
			targetProxy = A21AD47025348DE700BE09F0 /* PBXContainerItemProxy */;
		};
/* End PBXTargetDependency section */

/* Begin PBXVariantGroup section */
		A21AD45C25348DE700BE09F0 /* LaunchScreen.storyboard */ = {
			isa = PBXVariantGroup;
			children = (
				A21AD45D25348DE700BE09F0 /* Base */,
			);
			name = LaunchScreen.storyboard;
			sourceTree = "<group>";
		};
/* End PBXVariantGroup section */

/* Begin XCBuildConfiguration section */
		A21AD47625348DE700BE09F0 /* Debug */ = {
			isa = XCBuildConfiguration;
			buildSettings = {
				ALWAYS_SEARCH_USER_PATHS = NO;
				CLANG_ANALYZER_NONNULL = YES;
				CLANG_ANALYZER_NUMBER_OBJECT_CONVERSION = YES_AGGRESSIVE;
				CLANG_CXX_LANGUAGE_STANDARD = "gnu++14";
				CLANG_CXX_LIBRARY = "libc++";
				CLANG_ENABLE_MODULES = YES;
				CLANG_ENABLE_OBJC_ARC = YES;
				CLANG_ENABLE_OBJC_WEAK = YES;
				CLANG_WARN_BLOCK_CAPTURE_AUTORELEASING = YES;
				CLANG_WARN_BOOL_CONVERSION = YES;
				CLANG_WARN_COMMA = YES;
				CLANG_WARN_CONSTANT_CONVERSION = YES;
				CLANG_WARN_DEPRECATED_OBJC_IMPLEMENTATIONS = YES;
				CLANG_WARN_DIRECT_OBJC_ISA_USAGE = YES_ERROR;
				CLANG_WARN_DOCUMENTATION_COMMENTS = YES;
				CLANG_WARN_EMPTY_BODY = YES;
				CLANG_WARN_ENUM_CONVERSION = YES;
				CLANG_WARN_INFINITE_RECURSION = YES;
				CLANG_WARN_INT_CONVERSION = YES;
				CLANG_WARN_NON_LITERAL_NULL_CONVERSION = YES;
				CLANG_WARN_OBJC_IMPLICIT_RETAIN_SELF = YES;
				CLANG_WARN_OBJC_LITERAL_CONVERSION = YES;
				CLANG_WARN_OBJC_ROOT_CLASS = YES_ERROR;
				CLANG_WARN_RANGE_LOOP_ANALYSIS = YES;
				CLANG_WARN_STRICT_PROTOTYPES = YES;
				CLANG_WARN_SUSPICIOUS_MOVE = YES;
				CLANG_WARN_UNGUARDED_AVAILABILITY = YES_AGGRESSIVE;
				CLANG_WARN_UNREACHABLE_CODE = YES;
				CLANG_WARN__DUPLICATE_METHOD_MATCH = YES;
				COPY_PHASE_STRIP = NO;
				DEBUG_INFORMATION_FORMAT = dwarf;
				ENABLE_STRICT_OBJC_MSGSEND = YES;
				ENABLE_TESTABILITY = YES;
				GCC_C_LANGUAGE_STANDARD = gnu11;
				GCC_DYNAMIC_NO_PIC = NO;
				GCC_NO_COMMON_BLOCKS = YES;
				GCC_OPTIMIZATION_LEVEL = 0;
				GCC_PREPROCESSOR_DEFINITIONS = (
					"DEBUG=1",
					"$(inherited)",
				);
				GCC_WARN_64_TO_32_BIT_CONVERSION = YES;
				GCC_WARN_ABOUT_RETURN_TYPE = YES_ERROR;
				GCC_WARN_UNDECLARED_SELECTOR = YES;
				GCC_WARN_UNINITIALIZED_AUTOS = YES_AGGRESSIVE;
				GCC_WARN_UNUSED_FUNCTION = YES;
				GCC_WARN_UNUSED_VARIABLE = YES;
				IPHONEOS_DEPLOYMENT_TARGET = 13.2;
				MTL_ENABLE_DEBUG_INFO = INCLUDE_SOURCE;
				MTL_FAST_MATH = YES;
				ONLY_ACTIVE_ARCH = YES;
				SDKROOT = iphoneos;
				SWIFT_ACTIVE_COMPILATION_CONDITIONS = DEBUG;
				SWIFT_OPTIMIZATION_LEVEL = "-Onone";
			};
			name = Debug;
		};
		A21AD47725348DE700BE09F0 /* Release */ = {
			isa = XCBuildConfiguration;
			buildSettings = {
				ALWAYS_SEARCH_USER_PATHS = NO;
				CLANG_ANALYZER_NONNULL = YES;
				CLANG_ANALYZER_NUMBER_OBJECT_CONVERSION = YES_AGGRESSIVE;
				CLANG_CXX_LANGUAGE_STANDARD = "gnu++14";
				CLANG_CXX_LIBRARY = "libc++";
				CLANG_ENABLE_MODULES = YES;
				CLANG_ENABLE_OBJC_ARC = YES;
				CLANG_ENABLE_OBJC_WEAK = YES;
				CLANG_WARN_BLOCK_CAPTURE_AUTORELEASING = YES;
				CLANG_WARN_BOOL_CONVERSION = YES;
				CLANG_WARN_COMMA = YES;
				CLANG_WARN_CONSTANT_CONVERSION = YES;
				CLANG_WARN_DEPRECATED_OBJC_IMPLEMENTATIONS = YES;
				CLANG_WARN_DIRECT_OBJC_ISA_USAGE = YES_ERROR;
				CLANG_WARN_DOCUMENTATION_COMMENTS = YES;
				CLANG_WARN_EMPTY_BODY = YES;
				CLANG_WARN_ENUM_CONVERSION = YES;
				CLANG_WARN_INFINITE_RECURSION = YES;
				CLANG_WARN_INT_CONVERSION = YES;
				CLANG_WARN_NON_LITERAL_NULL_CONVERSION = YES;
				CLANG_WARN_OBJC_IMPLICIT_RETAIN_SELF = YES;
				CLANG_WARN_OBJC_LITERAL_CONVERSION = YES;
				CLANG_WARN_OBJC_ROOT_CLASS = YES_ERROR;
				CLANG_WARN_RANGE_LOOP_ANALYSIS = YES;
				CLANG_WARN_STRICT_PROTOTYPES = YES;
				CLANG_WARN_SUSPICIOUS_MOVE = YES;
				CLANG_WARN_UNGUARDED_AVAILABILITY = YES_AGGRESSIVE;
				CLANG_WARN_UNREACHABLE_CODE = YES;
				CLANG_WARN__DUPLICATE_METHOD_MATCH = YES;
				COPY_PHASE_STRIP = NO;
				DEBUG_INFORMATION_FORMAT = "dwarf-with-dsym";
				ENABLE_NS_ASSERTIONS = NO;
				ENABLE_STRICT_OBJC_MSGSEND = YES;
				GCC_C_LANGUAGE_STANDARD = gnu11;
				GCC_NO_COMMON_BLOCKS = YES;
				GCC_WARN_64_TO_32_BIT_CONVERSION = YES;
				GCC_WARN_ABOUT_RETURN_TYPE = YES_ERROR;
				GCC_WARN_UNDECLARED_SELECTOR = YES;
				GCC_WARN_UNINITIALIZED_AUTOS = YES_AGGRESSIVE;
				GCC_WARN_UNUSED_FUNCTION = YES;
				GCC_WARN_UNUSED_VARIABLE = YES;
				IPHONEOS_DEPLOYMENT_TARGET = 13.2;
				MTL_ENABLE_DEBUG_INFO = NO;
				MTL_FAST_MATH = YES;
				SDKROOT = iphoneos;
				SWIFT_COMPILATION_MODE = wholemodule;
				SWIFT_OPTIMIZATION_LEVEL = "-O";
				VALIDATE_PRODUCT = YES;
			};
			name = Release;
		};
		A21AD47925348DE700BE09F0 /* Debug */ = {
			isa = XCBuildConfiguration;
			buildSettings = {
				ASSETCATALOG_COMPILER_APPICON_NAME = AppIcon;
				CODE_SIGN_STYLE = Automatic;
				DEVELOPMENT_ASSET_PATHS = "\"first/Preview Content\"";
				ENABLE_PREVIEWS = YES;
				INFOPLIST_FILE = first/Info.plist;
				LD_RUNPATH_SEARCH_PATHS = (
					"$(inherited)",
					"@executable_path/Frameworks",
				);
				PRODUCT_BUNDLE_IDENTIFIER = "-.first";
				PRODUCT_NAME = "$(TARGET_NAME)";
				SWIFT_VERSION = 5.0;
				TARGETED_DEVICE_FAMILY = "1,2";
			};
			name = Debug;
		};
		A21AD47A25348DE700BE09F0 /* Release */ = {
			isa = XCBuildConfiguration;
			buildSettings = {
				ASSETCATALOG_COMPILER_APPICON_NAME = AppIcon;
				CODE_SIGN_STYLE = Automatic;
				DEVELOPMENT_ASSET_PATHS = "\"first/Preview Content\"";
				ENABLE_PREVIEWS = YES;
				INFOPLIST_FILE = first/Info.plist;
				LD_RUNPATH_SEARCH_PATHS = (
					"$(inherited)",
					"@executable_path/Frameworks",
				);
				PRODUCT_BUNDLE_IDENTIFIER = "-.first";
				PRODUCT_NAME = "$(TARGET_NAME)";
				SWIFT_VERSION = 5.0;
				TARGETED_DEVICE_FAMILY = "1,2";
			};
			name = Release;
		};
		A21AD47C25348DE700BE09F0 /* Debug */ = {
			isa = XCBuildConfiguration;
			buildSettings = {
				ALWAYS_EMBED_SWIFT_STANDARD_LIBRARIES = YES;
				BUNDLE_LOADER = "$(TEST_HOST)";
				CODE_SIGN_STYLE = Automatic;
				INFOPLIST_FILE = firstTests/Info.plist;
				IPHONEOS_DEPLOYMENT_TARGET = 13.2;
				LD_RUNPATH_SEARCH_PATHS = (
					"$(inherited)",
					"@executable_path/Frameworks",
					"@loader_path/Frameworks",
				);
				PRODUCT_BUNDLE_IDENTIFIER = "-.firstTests";
				PRODUCT_NAME = "$(TARGET_NAME)";
				SWIFT_VERSION = 5.0;
				TARGETED_DEVICE_FAMILY = "1,2";
				TEST_HOST = "$(BUILT_PRODUCTS_DIR)/first.app/first";
			};
			name = Debug;
		};
		A21AD47D25348DE700BE09F0 /* Release */ = {
			isa = XCBuildConfiguration;
			buildSettings = {
				ALWAYS_EMBED_SWIFT_STANDARD_LIBRARIES = YES;
				BUNDLE_LOADER = "$(TEST_HOST)";
				CODE_SIGN_STYLE = Automatic;
				INFOPLIST_FILE = firstTests/Info.plist;
				IPHONEOS_DEPLOYMENT_TARGET = 13.2;
				LD_RUNPATH_SEARCH_PATHS = (
					"$(inherited)",
					"@executable_path/Frameworks",
					"@loader_path/Frameworks",
				);
				PRODUCT_BUNDLE_IDENTIFIER = "-.firstTests";
				PRODUCT_NAME = "$(TARGET_NAME)";
				SWIFT_VERSION = 5.0;
				TARGETED_DEVICE_FAMILY = "1,2";
				TEST_HOST = "$(BUILT_PRODUCTS_DIR)/first.app/first";
			};
			name = Release;
		};
		A21AD47F25348DE700BE09F0 /* Debug */ = {
			isa = XCBuildConfiguration;
			buildSettings = {
				ALWAYS_EMBED_SWIFT_STANDARD_LIBRARIES = YES;
				CODE_SIGN_STYLE = Automatic;
				INFOPLIST_FILE = firstUITests/Info.plist;
				LD_RUNPATH_SEARCH_PATHS = (
					"$(inherited)",
					"@executable_path/Frameworks",
					"@loader_path/Frameworks",
				);
				PRODUCT_BUNDLE_IDENTIFIER = "-.firstUITests";
				PRODUCT_NAME = "$(TARGET_NAME)";
				SWIFT_VERSION = 5.0;
				TARGETED_DEVICE_FAMILY = "1,2";
				TEST_TARGET_NAME = first;
			};
			name = Debug;
		};
		A21AD48025348DE700BE09F0 /* Release */ = {
			isa = XCBuildConfiguration;
			buildSettings = {
				ALWAYS_EMBED_SWIFT_STANDARD_LIBRARIES = YES;
				CODE_SIGN_STYLE = Automatic;
				INFOPLIST_FILE = firstUITests/Info.plist;
				LD_RUNPATH_SEARCH_PATHS = (
					"$(inherited)",
					"@executable_path/Frameworks",
					"@loader_path/Frameworks",
				);
				PRODUCT_BUNDLE_IDENTIFIER = "-.firstUITests";
				PRODUCT_NAME = "$(TARGET_NAME)";
				SWIFT_VERSION = 5.0;
				TARGETED_DEVICE_FAMILY = "1,2";
				TEST_TARGET_NAME = first;
			};
			name = Release;
		};
/* End XCBuildConfiguration section */

/* Begin XCConfigurationList section */
		A21AD44925348DE500BE09F0 /* Build configuration list for PBXProject "first" */ = {
			isa = XCConfigurationList;
			buildConfigurations = (
				A21AD47625348DE700BE09F0 /* Debug */,
				A21AD47725348DE700BE09F0 /* Release */,
			);
			defaultConfigurationIsVisible = 0;
			defaultConfigurationName = Release;
		};
		A21AD47825348DE700BE09F0 /* Build configuration list for PBXNativeTarget "first" */ = {
			isa = XCConfigurationList;
			buildConfigurations = (
				A21AD47925348DE700BE09F0 /* Debug */,
				A21AD47A25348DE700BE09F0 /* Release */,
			);
			defaultConfigurationIsVisible = 0;
			defaultConfigurationName = Release;
		};
		A21AD47B25348DE700BE09F0 /* Build configuration list for PBXNativeTarget "firstTests" */ = {
			isa = XCConfigurationList;
			buildConfigurations = (
				A21AD47C25348DE700BE09F0 /* Debug */,
				A21AD47D25348DE700BE09F0 /* Release */,
			);
			defaultConfigurationIsVisible = 0;
			defaultConfigurationName = Release;
		};
		A21AD47E25348DE700BE09F0 /* Build configuration list for PBXNativeTarget "firstUITests" */ = {
			isa = XCConfigurationList;
			buildConfigurations = (
				A21AD47F25348DE700BE09F0 /* Debug */,
				A21AD48025348DE700BE09F0 /* Release */,
			);
			defaultConfigurationIsVisible = 0;
			defaultConfigurationName = Release;
		};
/* End XCConfigurationList section */
	};
	rootObject = A21AD44625348DE500BE09F0 /* Project object */;
}
